
Microsoft Visual Studio Solution File, Format Version 12.00
# Visual Studio 14
VisualStudioVersion = 14.0.24720.0
MinimumVisualStudioVersion = 10.0.40219.1
Project("{FAE04EC0-301F-11D3-BF4B-00C04F79EFBC}") = "OpenTracing.OpenTracing", "OpenTracing.OpenTracing\OpenTracing.OpenTracing.csproj", "{F81A2AFF-6D47-46DB-B401-F5AC9BCDE719}"
EndProject
Project("{FAE04EC0-301F-11D3-BF4B-00C04F79EFBC}") = "OpenTracing.BasicTracer", "OpenTracing.BasicTracer\OpenTracing.BasicTracer.csproj", "{54B08B9A-CC12-40DF-975F-FDFE4052FF04}"
EndProject
Project("{FAE04EC0-301F-11D3-BF4B-00C04F79EFBC}") = "OpenTracing.BasicTracer.IntegrationTests", "OpenTracing.BasicTracer.IntegrationTests\OpenTracing.BasicTracer.IntegrationTests.csproj", "{93BAFA07-B869-4E55-9723-D78AEB4D1B46}"
EndProject
Project("{FAE04EC0-301F-11D3-BF4B-00C04F79EFBC}") = "OpenTracing.Carrier.HttpClient", "OpenTracing.Carrier.HttpClient\OpenTracing.Carrier.HttpClient.csproj", "{A310D92C-C9DF-4AFB-BCD1-4CD3096AC79B}"
EndProject
Global
	GlobalSection(SolutionConfigurationPlatforms) = preSolution
		Debug|Any CPU = Debug|Any CPU
		Release|Any CPU = Release|Any CPU
	EndGlobalSection
	GlobalSection(ProjectConfigurationPlatforms) = postSolution
		{F81A2AFF-6D47-46DB-B401-F5AC9BCDE719}.Debug|Any CPU.ActiveCfg = Debug|Any CPU
		{F81A2AFF-6D47-46DB-B401-F5AC9BCDE719}.Debug|Any CPU.Build.0 = Debug|Any CPU
		{F81A2AFF-6D47-46DB-B401-F5AC9BCDE719}.Release|Any CPU.ActiveCfg = Release|Any CPU
		{F81A2AFF-6D47-46DB-B401-F5AC9BCDE719}.Release|Any CPU.Build.0 = Release|Any CPU
		{54B08B9A-CC12-40DF-975F-FDFE4052FF04}.Debug|Any CPU.ActiveCfg = Debug|Any CPU
		{54B08B9A-CC12-40DF-975F-FDFE4052FF04}.Debug|Any CPU.Build.0 = Debug|Any CPU
		{54B08B9A-CC12-40DF-975F-FDFE4052FF04}.Release|Any CPU.ActiveCfg = Release|Any CPU
		{54B08B9A-CC12-40DF-975F-FDFE4052FF04}.Release|Any CPU.Build.0 = Release|Any CPU
		{93BAFA07-B869-4E55-9723-D78AEB4D1B46}.Debug|Any CPU.ActiveCfg = Debug|Any CPU
		{93BAFA07-B869-4E55-9723-D78AEB4D1B46}.Debug|Any CPU.Build.0 = Debug|Any CPU
		{93BAFA07-B869-4E55-9723-D78AEB4D1B46}.Release|Any CPU.ActiveCfg = Release|Any CPU
		{93BAFA07-B869-4E55-9723-D78AEB4D1B46}.Release|Any CPU.Build.0 = Release|Any CPU
		{A310D92C-C9DF-4AFB-BCD1-4CD3096AC79B}.Debug|Any CPU.ActiveCfg = Debug|Any CPU
		{A310D92C-C9DF-4AFB-BCD1-4CD3096AC79B}.Debug|Any CPU.Build.0 = Debug|Any CPU
		{A310D92C-C9DF-4AFB-BCD1-4CD3096AC79B}.Release|Any CPU.ActiveCfg = Release|Any CPU
		{A310D92C-C9DF-4AFB-BCD1-4CD3096AC79B}.Release|Any CPU.Build.0 = Release|Any CPU
	EndGlobalSection
	GlobalSection(SolutionProperties) = preSolution
		HideSolutionNode = FALSE
	EndGlobalSection
EndGlobal
